// !$*UTF8*$!
{
	archiveVersion = 1;
	classes = {
	};
	objectVersion = 50;
	objects = {

/* Begin PBXBuildFile section */
		2D339DE42646A2A90099C55E /* AppDelegate.swift in Sources */ = {isa = PBXBuildFile; fileRef = 2D339DE32646A2A90099C55E /* AppDelegate.swift */; };
		2D339DE62646A2A90099C55E /* SceneDelegate.swift in Sources */ = {isa = PBXBuildFile; fileRef = 2D339DE52646A2A90099C55E /* SceneDelegate.swift */; };
		2D339DE82646A2A90099C55E /* ViewController.swift in Sources */ = {isa = PBXBuildFile; fileRef = 2D339DE72646A2A90099C55E /* ViewController.swift */; };
		2D339DEB2646A2A90099C55E /* Main.storyboard in Resources */ = {isa = PBXBuildFile; fileRef = 2D339DE92646A2A90099C55E /* Main.storyboard */; };
		2D339DED2646A2AF0099C55E /* Assets.xcassets in Resources */ = {isa = PBXBuildFile; fileRef = 2D339DEC2646A2AF0099C55E /* Assets.xcassets */; };
		2D339DF02646A2AF0099C55E /* LaunchScreen.storyboard in Resources */ = {isa = PBXBuildFile; fileRef = 2D339DEE2646A2AF0099C55E /* LaunchScreen.storyboard */; };
		2D339DFB2646A2AF0099C55E /* BotanicalDataListDemoTests.swift in Sources */ = {isa = PBXBuildFile; fileRef = 2D339DFA2646A2AF0099C55E /* BotanicalDataListDemoTests.swift */; };
/* End PBXBuildFile section */

/* Begin PBXContainerItemProxy section */
		2D339DF72646A2AF0099C55E /* PBXContainerItemProxy */ = {
			isa = PBXContainerItemProxy;
			containerPortal = 2D339DD82646A2A90099C55E /* Project object */;
			proxyType = 1;
			remoteGlobalIDString = 2D339DDF2646A2A90099C55E;
			remoteInfo = BotanicalDataListDemo;
		};
/* End PBXContainerItemProxy section */

/* Begin PBXFileReference section */
		2D339DE02646A2A90099C55E /* BotanicalDataListDemo.app */ = {isa = PBXFileReference; explicitFileType = wrapper.application; includeInIndex = 0; path = BotanicalDataListDemo.app; sourceTree = BUILT_PRODUCTS_DIR; };
		2D339DE32646A2A90099C55E /* AppDelegate.swift */ = {isa = PBXFileReference; lastKnownFileType = sourcecode.swift; path = AppDelegate.swift; sourceTree = "<group>"; };
		2D339DE52646A2A90099C55E /* SceneDelegate.swift */ = {isa = PBXFileReference; lastKnownFileType = sourcecode.swift; path = SceneDelegate.swift; sourceTree = "<group>"; };
		2D339DE72646A2A90099C55E /* ViewController.swift */ = {isa = PBXFileReference; lastKnownFileType = sourcecode.swift; path = ViewController.swift; sourceTree = "<group>"; };
		2D339DEA2646A2A90099C55E /* Base */ = {isa = PBXFileReference; lastKnownFileType = file.storyboard; name = Base; path = Base.lproj/Main.storyboard; sourceTree = "<group>"; };
		2D339DEC2646A2AF0099C55E /* Assets.xcassets */ = {isa = PBXFileReference; lastKnownFileType = folder.assetcatalog; path = Assets.xcassets; sourceTree = "<group>"; };
		2D339DEF2646A2AF0099C55E /* Base */ = {isa = PBXFileReference; lastKnownFileType = file.storyboard; name = Base; path = Base.lproj/LaunchScreen.storyboard; sourceTree = "<group>"; };
		2D339DF12646A2AF0099C55E /* Info.plist */ = {isa = PBXFileReference; lastKnownFileType = text.plist.xml; path = Info.plist; sourceTree = "<group>"; };
		2D339DF62646A2AF0099C55E /* BotanicalDataListDemoTests.xctest */ = {isa = PBXFileReference; explicitFileType = wrapper.cfbundle; includeInIndex = 0; path = BotanicalDataListDemoTests.xctest; sourceTree = BUILT_PRODUCTS_DIR; };
		2D339DFA2646A2AF0099C55E /* BotanicalDataListDemoTests.swift */ = {isa = PBXFileReference; lastKnownFileType = sourcecode.swift; path = BotanicalDataListDemoTests.swift; sourceTree = "<group>"; };
		2D339DFC2646A2AF0099C55E /* Info.plist */ = {isa = PBXFileReference; lastKnownFileType = text.plist.xml; path = Info.plist; sourceTree = "<group>"; };
/* End PBXFileReference section */

/* Begin PBXFrameworksBuildPhase section */
		2D339DDD2646A2A90099C55E /* Frameworks */ = {
			isa = PBXFrameworksBuildPhase;
			buildActionMask = 2147483647;
			files = (
			);
			runOnlyForDeploymentPostprocessing = 0;
		};
		2D339DF32646A2AF0099C55E /* Frameworks */ = {
			isa = PBXFrameworksBuildPhase;
			buildActionMask = 2147483647;
			files = (
			);
			runOnlyForDeploymentPostprocessing = 0;
		};
/* End PBXFrameworksBuildPhase section */

/* Begin PBXGroup section */
		2D339DD72646A2A90099C55E = {
			isa = PBXGroup;
			children = (
				2D339DE22646A2A90099C55E /* BotanicalDataListDemo */,
				2D339DF92646A2AF0099C55E /* BotanicalDataListDemoTests */,
				2D339DE12646A2A90099C55E /* Products */,
			);
			sourceTree = "<group>";
		};
		2D339DE12646A2A90099C55E /* Products */ = {
			isa = PBXGroup;
			children = (
				2D339DE02646A2A90099C55E /* BotanicalDataListDemo.app */,
				2D339DF62646A2AF0099C55E /* BotanicalDataListDemoTests.xctest */,
			);
			name = Products;
			sourceTree = "<group>";
		};
		2D339DE22646A2A90099C55E /* BotanicalDataListDemo */ = {
			isa = PBXGroup;
			children = (
				2D339DE32646A2A90099C55E /* AppDelegate.swift */,
				2D339DE52646A2A90099C55E /* SceneDelegate.swift */,
				2D339DE72646A2A90099C55E /* ViewController.swift */,
				2D339DE92646A2A90099C55E /* Main.storyboard */,
				2D339DEC2646A2AF0099C55E /* Assets.xcassets */,
				2D339DEE2646A2AF0099C55E /* LaunchScreen.storyboard */,
				2D339DF12646A2AF0099C55E /* Info.plist */,
			);
			path = BotanicalDataListDemo;
			sourceTree = "<group>";
		};
		2D339DF92646A2AF0099C55E /* BotanicalDataListDemoTests */ = {
			isa = PBXGroup;
			children = (
				2D339DFA2646A2AF0099C55E /* BotanicalDataListDemoTests.swift */,
				2D339DFC2646A2AF0099C55E /* Info.plist */,
			);
			path = BotanicalDataListDemoTests;
			sourceTree = "<group>";
		};
/* End PBXGroup section */

/* Begin PBXNativeTarget section */
		2D339DDF2646A2A90099C55E /* BotanicalDataListDemo */ = {
			isa = PBXNativeTarget;
			buildConfigurationList = 2D339DFF2646A2AF0099C55E /* Build configuration list for PBXNativeTarget "BotanicalDataListDemo" */;
			buildPhases = (
				2D339DDC2646A2A90099C55E /* Sources */,
				2D339DDD2646A2A90099C55E /* Frameworks */,
				2D339DDE2646A2A90099C55E /* Resources */,
			);
			buildRules = (
			);
			dependencies = (
			);
			name = BotanicalDataListDemo;
			productName = BotanicalDataListDemo;
			productReference = 2D339DE02646A2A90099C55E /* BotanicalDataListDemo.app */;
			productType = "com.apple.product-type.application";
		};
		2D339DF52646A2AF0099C55E /* BotanicalDataListDemoTests */ = {
			isa = PBXNativeTarget;
			buildConfigurationList = 2D339E022646A2AF0099C55E /* Build configuration list for PBXNativeTarget "BotanicalDataListDemoTests" */;
			buildPhases = (
				2D339DF22646A2AF0099C55E /* Sources */,
				2D339DF32646A2AF0099C55E /* Frameworks */,
				2D339DF42646A2AF0099C55E /* Resources */,
			);
			buildRules = (
			);
			dependencies = (
				2D339DF82646A2AF0099C55E /* PBXTargetDependency */,
			);
			name = BotanicalDataListDemoTests;
			productName = BotanicalDataListDemoTests;
			productReference = 2D339DF62646A2AF0099C55E /* BotanicalDataListDemoTests.xctest */;
			productType = "com.apple.product-type.bundle.unit-test";
		};
/* End PBXNativeTarget section */

/* Begin PBXProject section */
		2D339DD82646A2A90099C55E /* Project object */ = {
			isa = PBXProject;
			attributes = {
				LastSwiftUpdateCheck = 1130;
				LastUpgradeCheck = 1130;
				ORGANIZATIONNAME = "Joshua Chang";
				TargetAttributes = {
					2D339DDF2646A2A90099C55E = {
						CreatedOnToolsVersion = 11.3;
					};
					2D339DF52646A2AF0099C55E = {
						CreatedOnToolsVersion = 11.3;
						TestTargetID = 2D339DDF2646A2A90099C55E;
					};
				};
			};
			buildConfigurationList = 2D339DDB2646A2A90099C55E /* Build configuration list for PBXProject "BotanicalDataListDemo" */;
			compatibilityVersion = "Xcode 9.3";
			developmentRegion = en;
			hasScannedForEncodings = 0;
			knownRegions = (
				en,
				Base,
			);
			mainGroup = 2D339DD72646A2A90099C55E;
			productRefGroup = 2D339DE12646A2A90099C55E /* Products */;
			projectDirPath = "";
			projectRoot = "";
			targets = (
				2D339DDF2646A2A90099C55E /* BotanicalDataListDemo */,
				2D339DF52646A2AF0099C55E /* BotanicalDataListDemoTests */,
			);
		};
/* End PBXProject section */

/* Begin PBXResourcesBuildPhase section */
		2D339DDE2646A2A90099C55E /* Resources */ = {
			isa = PBXResourcesBuildPhase;
			buildActionMask = 2147483647;
			files = (
				2D339DF02646A2AF0099C55E /* LaunchScreen.storyboard in Resources */,
				2D339DED2646A2AF0099C55E /* Assets.xcassets in Resources */,
				2D339DEB2646A2A90099C55E /* Main.storyboard in Resources */,
			);
			runOnlyForDeploymentPostprocessing = 0;
		};
		2D339DF42646A2AF0099C55E /* Resources */ = {
			isa = PBXResourcesBuildPhase;
			buildActionMask = 2147483647;
			files = (
			);
			runOnlyForDeploymentPostprocessing = 0;
		};
/* End PBXResourcesBuildPhase section */

/* Begin PBXSourcesBuildPhase section */
		2D339DDC2646A2A90099C55E /* Sources */ = {
			isa = PBXSourcesBuildPhase;
			buildActionMask = 2147483647;
			files = (
				2D339DE82646A2A90099C55E /* ViewController.swift in Sources */,
				2D339DE42646A2A90099C55E /* AppDelegate.swift in Sources */,
				2D339DE62646A2A90099C55E /* SceneDelegate.swift in Sources */,
			);
			runOnlyForDeploymentPostprocessing = 0;
		};
		2D339DF22646A2AF0099C55E /* Sources */ = {
			isa = PBXSourcesBuildPhase;
			buildActionMask = 2147483647;
			files = (
				2D339DFB2646A2AF0099C55E /* BotanicalDataListDemoTests.swift in Sources */,
			);
			runOnlyForDeploymentPostprocessing = 0;
		};
/* End PBXSourcesBuildPhase section */

/* Begin PBXTargetDependency section */
		2D339DF82646A2AF0099C55E /* PBXTargetDependency */ = {
			isa = PBXTargetDependency;
			target = 2D339DDF2646A2A90099C55E /* BotanicalDataListDemo */;
			targetProxy = 2D339DF72646A2AF0099C55E /* PBXContainerItemProxy */;
		};
/* End PBXTargetDependency section */

/* Begin PBXVariantGroup section */
		2D339DE92646A2A90099C55E /* Main.storyboard */ = {
			isa = PBXVariantGroup;
			children = (
				2D339DEA2646A2A90099C55E /* Base */,
			);
			name = Main.storyboard;
			sourceTree = "<group>";
		};
		2D339DEE2646A2AF0099C55E /* LaunchScreen.storyboard */ = {
			isa = PBXVariantGroup;
			children = (
				2D339DEF2646A2AF0099C55E /* Base */,
			);
			name = LaunchScreen.storyboard;
			sourceTree = "<group>";
		};
/* End PBXVariantGroup section */

/* Begin XCBuildConfiguration section */
		2D339DFD2646A2AF0099C55E /* Debug */ = {
			isa = XCBuildConfiguration;
			buildSettings = {
				ALWAYS_SEARCH_USER_PATHS = NO;
				CLANG_ANALYZER_NONNULL = YES;
				CLANG_ANALYZER_NUMBER_OBJECT_CONVERSION = YES_AGGRESSIVE;
				CLANG_CXX_LANGUAGE_STANDARD = "gnu++14";
				CLANG_CXX_LIBRARY = "libc++";
				CLANG_ENABLE_MODULES = YES;
				CLANG_ENABLE_OBJC_ARC = YES;
				CLANG_ENABLE_OBJC_WEAK = YES;
				CLANG_WARN_BLOCK_CAPTURE_AUTORELEASING = YES;
				CLANG_WARN_BOOL_CONVERSION = YES;
				CLANG_WARN_COMMA = YES;
				CLANG_WARN_CONSTANT_CONVERSION = YES;
				CLANG_WARN_DEPRECATED_OBJC_IMPLEMENTATIONS = YES;
				CLANG_WARN_DIRECT_OBJC_ISA_USAGE = YES_ERROR;
				CLANG_WARN_DOCUMENTATION_COMMENTS = YES;
				CLANG_WARN_EMPTY_BODY = YES;
				CLANG_WARN_ENUM_CONVERSION = YES;
				CLANG_WARN_INFINITE_RECURSION = YES;
				CLANG_WARN_INT_CONVERSION = YES;
				CLANG_WARN_NON_LITERAL_NULL_CONVERSION = YES;
				CLANG_WARN_OBJC_IMPLICIT_RETAIN_SELF = YES;
				CLANG_WARN_OBJC_LITERAL_CONVERSION = YES;
				CLANG_WARN_OBJC_ROOT_CLASS = YES_ERROR;
				CLANG_WARN_RANGE_LOOP_ANALYSIS = YES;
				CLANG_WARN_STRICT_PROTOTYPES = YES;
				CLANG_WARN_SUSPICIOUS_MOVE = YES;
				CLANG_WARN_UNGUARDED_AVAILABILITY = YES_AGGRESSIVE;
				CLANG_WARN_UNREACHABLE_CODE = YES;
				CLANG_WARN__DUPLICATE_METHOD_MATCH = YES;
				COPY_PHASE_STRIP = NO;
				DEBUG_INFORMATION_FORMAT = dwarf;
				ENABLE_STRICT_OBJC_MSGSEND = YES;
				ENABLE_TESTABILITY = YES;
				GCC_C_LANGUAGE_STANDARD = gnu11;
				GCC_DYNAMIC_NO_PIC = NO;
				GCC_NO_COMMON_BLOCKS = YES;
				GCC_OPTIMIZATION_LEVEL = 0;
				GCC_PREPROCESSOR_DEFINITIONS = (
					"DEBUG=1",
					"$(inherited)",
				);
				GCC_WARN_64_TO_32_BIT_CONVERSION = YES;
				GCC_WARN_ABOUT_RETURN_TYPE = YES_ERROR;
				GCC_WARN_UNDECLARED_SELECTOR = YES;
				GCC_WARN_UNINITIALIZED_AUTOS = YES_AGGRESSIVE;
				GCC_WARN_UNUSED_FUNCTION = YES;
				GCC_WARN_UNUSED_VARIABLE = YES;
				IPHONEOS_DEPLOYMENT_TARGET = 13.2;
				MTL_ENABLE_DEBUG_INFO = INCLUDE_SOURCE;
				MTL_FAST_MATH = YES;
				ONLY_ACTIVE_ARCH = YES;
				SDKROOT = iphoneos;
				SWIFT_ACTIVE_COMPILATION_CONDITIONS = DEBUG;
				SWIFT_OPTIMIZATION_LEVEL = "-Onone";
			};
			name = Debug;
		};
		2D339DFE2646A2AF0099C55E /* Release */ = {
			isa = XCBuildConfiguration;
			buildSettings = {
				ALWAYS_SEARCH_USER_PATHS = NO;
				CLANG_ANALYZER_NONNULL = YES;
				CLANG_ANALYZER_NUMBER_OBJECT_CONVERSION = YES_AGGRESSIVE;
				CLANG_CXX_LANGUAGE_STANDARD = "gnu++14";
				CLANG_CXX_LIBRARY = "libc++";
				CLANG_ENABLE_MODULES = YES;
				CLANG_ENABLE_OBJC_ARC = YES;
				CLANG_ENABLE_OBJC_WEAK = YES;
				CLANG_WARN_BLOCK_CAPTURE_AUTORELEASING = YES;
				CLANG_WARN_BOOL_CONVERSION = YES;
				CLANG_WARN_COMMA = YES;
				CLANG_WARN_CONSTANT_CONVERSION = YES;
				CLANG_WARN_DEPRECATED_OBJC_IMPLEMENTATIONS = YES;
				CLANG_WARN_DIRECT_OBJC_ISA_USAGE = YES_ERROR;
				CLANG_WARN_DOCUMENTATION_COMMENTS = YES;
				CLANG_WARN_EMPTY_BODY = YES;
				CLANG_WARN_ENUM_CONVERSION = YES;
				CLANG_WARN_INFINITE_RECURSION = YES;
				CLANG_WARN_INT_CONVERSION = YES;
				CLANG_WARN_NON_LITERAL_NULL_CONVERSION = YES;
				CLANG_WARN_OBJC_IMPLICIT_RETAIN_SELF = YES;
				CLANG_WARN_OBJC_LITERAL_CONVERSION = YES;
				CLANG_WARN_OBJC_ROOT_CLASS = YES_ERROR;
				CLANG_WARN_RANGE_LOOP_ANALYSIS = YES;
				CLANG_WARN_STRICT_PROTOTYPES = YES;
				CLANG_WARN_SUSPICIOUS_MOVE = YES;
				CLANG_WARN_UNGUARDED_AVAILABILITY = YES_AGGRESSIVE;
				CLANG_WARN_UNREACHABLE_CODE = YES;
				CLANG_WARN__DUPLICATE_METHOD_MATCH = YES;
				COPY_PHASE_STRIP = NO;
				DEBUG_INFORMATION_FORMAT = "dwarf-with-dsym";
				ENABLE_NS_ASSERTIONS = NO;
				ENABLE_STRICT_OBJC_MSGSEND = YES;
				GCC_C_LANGUAGE_STANDARD = gnu11;
				GCC_NO_COMMON_BLOCKS = YES;
				GCC_WARN_64_TO_32_BIT_CONVERSION = YES;
				GCC_WARN_ABOUT_RETURN_TYPE = YES_ERROR;
				GCC_WARN_UNDECLARED_SELECTOR = YES;
				GCC_WARN_UNINITIALIZED_AUTOS = YES_AGGRESSIVE;
				GCC_WARN_UNUSED_FUNCTION = YES;
				GCC_WARN_UNUSED_VARIABLE = YES;
				IPHONEOS_DEPLOYMENT_TARGET = 13.2;
				MTL_ENABLE_DEBUG_INFO = NO;
				MTL_FAST_MATH = YES;
				SDKROOT = iphoneos;
				SWIFT_COMPILATION_MODE = wholemodule;
				SWIFT_OPTIMIZATION_LEVEL = "-O";
				VALIDATE_PRODUCT = YES;
			};
			name = Release;
		};
		2D339E002646A2AF0099C55E /* Debug */ = {
			isa = XCBuildConfiguration;
			buildSettings = {
				ASSETCATALOG_COMPILER_APPICON_NAME = AppIcon;
				CODE_SIGN_STYLE = Automatic;
				DEVELOPMENT_TEAM = 9RRJGR8P4P;
				INFOPLIST_FILE = BotanicalDataListDemo/Info.plist;
				LD_RUNPATH_SEARCH_PATHS = (
					"$(inherited)",
					"@executable_path/Frameworks",
				);
				PRODUCT_BUNDLE_IDENTIFIER = com.changjox.BotanicalDataListDemo;
				PRODUCT_NAME = "$(TARGET_NAME)";
				SWIFT_VERSION = 5.0;
				TARGETED_DEVICE_FAMILY = "1,2";
			};
			name = Debug;
		};
		2D339E012646A2AF0099C55E /* Release */ = {
			isa = XCBuildConfiguration;
			buildSettings = {
				ASSETCATALOG_COMPILER_APPICON_NAME = AppIcon;
				CODE_SIGN_STYLE = Automatic;
				DEVELOPMENT_TEAM = 9RRJGR8P4P;
				INFOPLIST_FILE = BotanicalDataListDemo/Info.plist;
				LD_RUNPATH_SEARCH_PATHS = (
					"$(inherited)",
					"@executable_path/Frameworks",
				);
				PRODUCT_BUNDLE_IDENTIFIER = com.changjox.BotanicalDataListDemo;
				PRODUCT_NAME = "$(TARGET_NAME)";
				SWIFT_VERSION = 5.0;
				TARGETED_DEVICE_FAMILY = "1,2";
			};
			name = Release;
		};
		2D339E032646A2AF0099C55E /* Debug */ = {
			isa = XCBuildConfiguration;
			buildSettings = {
				ALWAYS_EMBED_SWIFT_STANDARD_LIBRARIES = YES;
				BUNDLE_LOADER = "$(TEST_HOST)";
				CODE_SIGN_STYLE = Automatic;
				DEVELOPMENT_TEAM = 9RRJGR8P4P;
				INFOPLIST_FILE = BotanicalDataListDemoTests/Info.plist;
				IPHONEOS_DEPLOYMENT_TARGET = 13.2;
				LD_RUNPATH_SEARCH_PATHS = (
					"$(inherited)",
					"@executable_path/Frameworks",
					"@loader_path/Frameworks",
				);
				PRODUCT_BUNDLE_IDENTIFIER = com.changjox.BotanicalDataListDemoTests;
				PRODUCT_NAME = "$(TARGET_NAME)";
				SWIFT_VERSION = 5.0;
				TARGETED_DEVICE_FAMILY = "1,2";
				TEST_HOST = "$(BUILT_PRODUCTS_DIR)/BotanicalDataListDemo.app/BotanicalDataListDemo";
			};
			name = Debug;
		};
		2D339E042646A2AF0099C55E /* Release */ = {
			isa = XCBuildConfiguration;
			buildSettings = {
				ALWAYS_EMBED_SWIFT_STANDARD_LIBRARIES = YES;
				BUNDLE_LOADER = "$(TEST_HOST)";
				CODE_SIGN_STYLE = Automatic;
				DEVELOPMENT_TEAM = 9RRJGR8P4P;
				INFOPLIST_FILE = BotanicalDataListDemoTests/Info.plist;
				IPHONEOS_DEPLOYMENT_TARGET = 13.2;
				LD_RUNPATH_SEARCH_PATHS = (
					"$(inherited)",
					"@executable_path/Frameworks",
					"@loader_path/Frameworks",
				);
				PRODUCT_BUNDLE_IDENTIFIER = com.changjox.BotanicalDataListDemoTests;
				PRODUCT_NAME = "$(TARGET_NAME)";
				SWIFT_VERSION = 5.0;
				TARGETED_DEVICE_FAMILY = "1,2";
				TEST_HOST = "$(BUILT_PRODUCTS_DIR)/BotanicalDataListDemo.app/BotanicalDataListDemo";
			};
			name = Release;
		};
/* End XCBuildConfiguration section */

/* Begin XCConfigurationList section */
		2D339DDB2646A2A90099C55E /* Build configuration list for PBXProject "BotanicalDataListDemo" */ = {
			isa = XCConfigurationList;
			buildConfigurations = (
				2D339DFD2646A2AF0099C55E /* Debug */,
				2D339DFE2646A2AF0099C55E /* Release */,
			);
			defaultConfigurationIsVisible = 0;
			defaultConfigurationName = Release;
		};
		2D339DFF2646A2AF0099C55E /* Build configuration list for PBXNativeTarget "BotanicalDataListDemo" */ = {
			isa = XCConfigurationList;
			buildConfigurations = (
				2D339E002646A2AF0099C55E /* Debug */,
				2D339E012646A2AF0099C55E /* Release */,
			);
			defaultConfigurationIsVisible = 0;
			defaultConfigurationName = Release;
		};
		2D339E022646A2AF0099C55E /* Build configuration list for PBXNativeTarget "BotanicalDataListDemoTests" */ = {
			isa = XCConfigurationList;
			buildConfigurations = (
				2D339E032646A2AF0099C55E /* Debug */,
				2D339E042646A2AF0099C55E /* Release */,
			);
			defaultConfigurationIsVisible = 0;
			defaultConfigurationName = Release;
		};
/* End XCConfigurationList section */
	};
	rootObject = 2D339DD82646A2A90099C55E /* Project object */;
}
